
Microsoft Visual Studio Solution File, Format Version 12.00
# Visual Studio Version 16
VisualStudioVersion = 16.0.29215.179
MinimumVisualStudioVersion = 10.0.40219.1
Project("{FAE04EC0-301F-11D3-BF4B-00C04F79EFBC}") = "1712862_1712867_1712884", "1712862_1712867_1712884\1712862_1712867_1712884.csproj", "{0A0B954D-41FC-41A8-B933-4F2DDF82C84B}"
EndProject
Global
	GlobalSection(SolutionConfigurationPlatforms) = preSolution
		Debug|Any CPU = Debug|Any CPU
		Release|Any CPU = Release|Any CPU
	EndGlobalSection
	GlobalSection(ProjectConfigurationPlatforms) = postSolution
		{0A0B954D-41FC-41A8-B933-4F2DDF82C84B}.Debug|Any CPU.ActiveCfg = Debug|Any CPU
		{0A0B954D-41FC-41A8-B933-4F2DDF82C84B}.Debug|Any CPU.Build.0 = Debug|Any CPU
		{0A0B954D-41FC-41A8-B933-4F2DDF82C84B}.Release|Any CPU.ActiveCfg = Release|Any CPU
		{0A0B954D-41FC-41A8-B933-4F2DDF82C84B}.Release|Any CPU.Build.0 = Release|Any CPU
	EndGlobalSection
	GlobalSection(SolutionProperties) = preSolution
		HideSolutionNode = FALSE
	EndGlobalSection
	GlobalSection(ExtensibilityGlobals) = postSolution
		SolutionGuid = {587F066E-30A0-4689-92E7-66319C0FC084}
	EndGlobalSection
EndGlobal
